# A fixture Cargo.lock.
version = 4

[[package]]
name = "bevy"
version = "0.20.0-rc.2"
source = "registry+https://github.com/rust-lang/crates.io-index"

[[package]]
name = "libm"
version = "0.2.16"
source = "registry+https://github.com/rust-lang/crates.io-index"

[[package]]
name = "opendrone-physics"
version = "0.1.0-alpha.0"

[[package]]
name = "wgpu"
version = "27.0.1"
source = "registry+https://github.com/rust-lang/crates.io-index"
